# The library commit whose plugin/hooks/ tree this plugin vendors.
# CI diffs plugin/hooks against that SHA byte for byte, with no transforms at all --
# unlike skill.lock, which allows exactly one line. hooks.json is the one exception: it is
# GENERATED from the record host= names, and has its own guard.
repo=memvara/memvara
sha=07547280c542cb68683baf2335b08af62c44ef6d
path=plugin/hooks
host=codex
