# The library commit whose plugin/hooks/ tree this plugin vendors.
# CI diffs plugin/hooks against that SHA byte for byte, with no transforms at all --
# unlike skill.lock, which allows exactly one line. hooks.json is the one exception: it is
# GENERATED from the record host= names, and has its own guard.
repo=memvara/memvara
sha=33a60ef1cf717dea734a4623b7e259b8ce5c9998
path=plugin/hooks
host=codex
