# The library commit whose plugin/hooks/ tree this plugin vendors.
# CI diffs plugin/hooks against that SHA byte for byte, with no transforms at all --
# unlike skill.lock, which allows exactly one line. hooks.json is the one exception: it is
# GENERATED from the record host= names, and has its own guard.
repo=memvara/memvara
sha=a4e8f9bf6c19e58dd045f20f61e5b0fe5d7ddfb9
path=plugin/hooks
host=codex
